Microsoft Visual Studio Solution File, Format Version 12.00
# Visual Studio Version 17
VisualStudioVersion = 17.12.35521.163
MinimumVisualStudioVersion = 10.0.40219.1
Project("{FAE04EC0-301F-11D3-BF4B-00C04F79EFBC}") = "MyTicketMaster.AppHost", "MyTicketMaster.AppHost\MyTicketMaster.AppHost.csproj", "{1978351C-5F8D-4D23-921A-3BA437BD6B15}"
EndProject
Project("{FAE04EC0-301F-11D3-BF4B-00C04F79EFBC}") = "MyTicketMaster.ServiceDefaults", "MyTicketMaster.ServiceDefaults\MyTicketMaster.ServiceDefaults.csproj", "{3BD49404-F1AA-4458-B88A-608F6662E288}"
EndProject
Project("{FAE04EC0-301F-11D3-BF4B-00C04F79EFBC}") = "MyTicketMaster.Event.Api", "MyTicketMaster.Event.Api\MyTicketMaster.Event.Api.csproj", "{77145513-F7F2-471B-9412-3ADF1FCA773A}"
EndProject
Project("{FAE04EC0-301F-11D3-BF4B-00C04F79EFBC}") = "MyTicketMaster.Event.Application", "MyTicketMaster.Event.Application\MyTicketMaster.Event.Application.csproj", "{578D4D5A-2B60-4C50-84AA-D1507FB99C98}"
EndProject
Project("{FAE04EC0-301F-11D3-BF4B-00C04F79EFBC}") = "MyTicketMaster.Event.Domain", "MyTicketMaster.Event.Domain\MyTicketMaster.Event.Domain.csproj", "{6DC2B689-9090-4CEA-ADB3-A76E4EF2A80C}"
EndProject
Project("{FAE04EC0-301F-11D3-BF4B-00C04F79EFBC}") = "MyTicketMaster.Event.Infrastructure", "MyTicketMaster.Event.Infrastructure\MyTicketMaster.Event.Infrastructure.csproj", "{5ACFAC5E-F0D0-48EB-8E08-23C7B578422B}"
EndProject
Project("{FAE04EC0-301F-11D3-BF4B-00C04F79EFBC}") = "MyTicketMaster.Event.Persistence", "MyTicketMaster.Event.Persistence\MyTicketMaster.Event.Persistence.csproj", "{C2DA7AD8-56F2-483E-981E-6DECCBA1FE5A}"
EndProject
Project("{FAE04EC0-301F-11D3-BF4B-00C04F79EFBC}") = "MyTicketMaster.Event.Contracts", "MyTicketMaster.Event.Contracts\MyTicketMaster.Event.Contracts.csproj", "{2DA9D86B-103A-44C1-A105-2D80AC71C97D}"
EndProject
Project("{2150E333-8FDC-42A3-9474-1A3956D46DE8}") = "Event", "Event", "{10688E99-C685-438F-B34E-B2DB7B4C1B9C}"
EndProject
Project("{2150E333-8FDC-42A3-9474-1A3956D46DE8}") = "Booking", "Booking", "{39D94049-67BC-416C-A824-491F7CE3D1AC}"
EndProject
Project("{2150E333-8FDC-42A3-9474-1A3956D46DE8}") = "Solution Items", "Solution Items", "{A67A5666-58DD-43B4-8DD2-AFF05F08F8EB}"
	ProjectSection(SolutionItems) = preProject
		Directory.Build.props = Directory.Build.props
	EndProjectSection
EndProject
Project("{FAE04EC0-301F-11D3-BF4B-00C04F79EFBC}") = "MyTicketMaster.Booking.Api", "MyTicketMaster.Booking.Api\MyTicketMaster.Booking.Api.csproj", "{E40E6782-9F68-4225-A5E0-575FB7B3DCDB}"
EndProject
Project("{FAE04EC0-301F-11D3-BF4B-00C04F79EFBC}") = "MyTicketMaster.Booking.Contracts", "MyTicketMaster.Booking.Contracts\MyTicketMaster.Booking.Contracts.csproj", "{D89F3AED-BEAC-4703-A410-B25995165A81}"
EndProject
Project("{FAE04EC0-301F-11D3-BF4B-00C04F79EFBC}") = "MyTicketMaster.Booking.Application", "MyTicketMaster.Booking.Application\MyTicketMaster.Booking.Application.csproj", "{93C56747-BDC8-4190-AE58-F39C5AA0BD4A}"
EndProject
Project("{FAE04EC0-301F-11D3-BF4B-00C04F79EFBC}") = "MyTicketMaster.Core", "MyTicketMaster.Core\MyTicketMaster.Core.csproj", "{06A01B85-CD87-4A64-9447-1844F67BE593}"
EndProject
Project("{FAE04EC0-301F-11D3-BF4B-00C04F79EFBC}") = "MyTicketMaster.Core.Api", "MyTicketMaster.Core.Api\MyTicketMaster.Core.Api.csproj", "{492DF960-C186-4542-8882-725373ABB3C1}"
EndProject
Project("{FAE04EC0-301F-11D3-BF4B-00C04F79EFBC}") = "MyTicketMaster.Booking.Domain", "MyTicketMaster.Booking.Domain\MyTicketMaster.Booking.Domain.csproj", "{B6E005A0-A800-4303-B6B1-E7AEE0E3B969}"
EndProject
Project("{2150E333-8FDC-42A3-9474-1A3956D46DE8}") = "Core", "Core", "{D9BF85AD-3206-4DA5-AC31-9D5A5E246982}"
EndProject
Project("{FAE04EC0-301F-11D3-BF4B-00C04F79EFBC}") = "MyTicketMaster.Core.Domain", "MyTicketMaster.Core.Domain\MyTicketMaster.Core.Domain.csproj", "{07928FFC-73FA-4887-B3F5-47AE5EF5A457}"
EndProject
Project("{FAE04EC0-301F-11D3-BF4B-00C04F79EFBC}") = "MyTicketMaster.Core.Application", "MyTicketMaster.Core.Application\MyTicketMaster.Core.Application.csproj", "{FAF3DA14-D613-443C-99DF-2364F4814923}"
EndProject
Project("{2150E333-8FDC-42A3-9474-1A3956D46DE8}") = "Aspire", "Aspire", "{0C688551-49F5-4AB9-8686-A8F3AAF1AD6C}"
EndProject
Project("{FAE04EC0-301F-11D3-BF4B-00C04F79EFBC}") = "MyTicketMaster.Web", "MyTicketMaster.Web\MyTicketMaster.Web.csproj", "{D45D515E-8255-47C0-B643-ABE5F68D070A}"
EndProject
Global
	GlobalSection(SolutionConfigurationPlatforms) = preSolution
		Debug|Any CPU = Debug|Any CPU
		Release|Any CPU = Release|Any CPU
	EndGlobalSection
	GlobalSection(ProjectConfigurationPlatforms) = postSolution
		{1978351C-5F8D-4D23-921A-3BA437BD6B15}.Debug|Any CPU.ActiveCfg = Debug|Any CPU
		{1978351C-5F8D-4D23-921A-3BA437BD6B15}.Debug|Any CPU.Build.0 = Debug|Any CPU
		{1978351C-5F8D-4D23-921A-3BA437BD6B15}.Release|Any CPU.ActiveCfg = Release|Any CPU
		{1978351C-5F8D-4D23-921A-3BA437BD6B15}.Release|Any CPU.Build.0 = Release|Any CPU
		{3BD49404-F1AA-4458-B88A-608F6662E288}.Debug|Any CPU.ActiveCfg = Debug|Any CPU
		{3BD49404-F1AA-4458-B88A-608F6662E288}.Debug|Any CPU.Build.0 = Debug|Any CPU
		{3BD49404-F1AA-4458-B88A-608F6662E288}.Release|Any CPU.ActiveCfg = Release|Any CPU
		{3BD49404-F1AA-4458-B88A-608F6662E288}.Release|Any CPU.Build.0 = Release|Any CPU
		{77145513-F7F2-471B-9412-3ADF1FCA773A}.Debug|Any CPU.ActiveCfg = Debug|Any CPU
		{77145513-F7F2-471B-9412-3ADF1FCA773A}.Debug|Any CPU.Build.0 = Debug|Any CPU
		{77145513-F7F2-471B-9412-3ADF1FCA773A}.Release|Any CPU.ActiveCfg = Release|Any CPU
		{77145513-F7F2-471B-9412-3ADF1FCA773A}.Release|Any CPU.Build.0 = Release|Any CPU
		{578D4D5A-2B60-4C50-84AA-D1507FB99C98}.Debug|Any CPU.ActiveCfg = Debug|Any CPU
		{578D4D5A-2B60-4C50-84AA-D1507FB99C98}.Debug|Any CPU.Build.0 = Debug|Any CPU
		{578D4D5A-2B60-4C50-84AA-D1507FB99C98}.Release|Any CPU.ActiveCfg = Release|Any CPU
		{578D4D5A-2B60-4C50-84AA-D1507FB99C98}.Release|Any CPU.Build.0 = Release|Any CPU
		{6DC2B689-9090-4CEA-ADB3-A76E4EF2A80C}.Debug|Any CPU.ActiveCfg = Debug|Any CPU
		{6DC2B689-9090-4CEA-ADB3-A76E4EF2A80C}.Debug|Any CPU.Build.0 = Debug|Any CPU
		{6DC2B689-9090-4CEA-ADB3-A76E4EF2A80C}.Release|Any CPU.ActiveCfg = Release|Any CPU
		{6DC2B689-9090-4CEA-ADB3-A76E4EF2A80C}.Release|Any CPU.Build.0 = Release|Any CPU
		{5ACFAC5E-F0D0-48EB-8E08-23C7B578422B}.Debug|Any CPU.ActiveCfg = Debug|Any CPU
		{5ACFAC5E-F0D0-48EB-8E08-23C7B578422B}.Debug|Any CPU.Build.0 = Debug|Any CPU
		{5ACFAC5E-F0D0-48EB-8E08-23C7B578422B}.Release|Any CPU.ActiveCfg = Release|Any CPU
		{5ACFAC5E-F0D0-48EB-8E08-23C7B578422B}.Release|Any CPU.Build.0 = Release|Any CPU
		{C2DA7AD8-56F2-483E-981E-6DECCBA1FE5A}.Debug|Any CPU.ActiveCfg = Debug|Any CPU
		{C2DA7AD8-56F2-483E-981E-6DECCBA1FE5A}.Debug|Any CPU.Build.0 = Debug|Any CPU
		{C2DA7AD8-56F2-483E-981E-6DECCBA1FE5A}.Release|Any CPU.ActiveCfg = Release|Any CPU
		{C2DA7AD8-56F2-483E-981E-6DECCBA1FE5A}.Release|Any CPU.Build.0 = Release|Any CPU
		{2DA9D86B-103A-44C1-A105-2D80AC71C97D}.Debug|Any CPU.ActiveCfg = Debug|Any CPU
		{2DA9D86B-103A-44C1-A105-2D80AC71C97D}.Debug|Any CPU.Build.0 = Debug|Any CPU
		{2DA9D86B-103A-44C1-A105-2D80AC71C97D}.Release|Any CPU.ActiveCfg = Release|Any CPU
		{2DA9D86B-103A-44C1-A105-2D80AC71C97D}.Release|Any CPU.Build.0 = Release|Any CPU
		{E40E6782-9F68-4225-A5E0-575FB7B3DCDB}.Debug|Any CPU.ActiveCfg = Debug|Any CPU
		{E40E6782-9F68-4225-A5E0-575FB7B3DCDB}.Debug|Any CPU.Build.0 = Debug|Any CPU
		{E40E6782-9F68-4225-A5E0-575FB7B3DCDB}.Release|Any CPU.ActiveCfg = Release|Any CPU
		{E40E6782-9F68-4225-A5E0-575FB7B3DCDB}.Release|Any CPU.Build.0 = Release|Any CPU
		{D89F3AED-BEAC-4703-A410-B25995165A81}.Debug|Any CPU.ActiveCfg = Debug|Any CPU
		{D89F3AED-BEAC-4703-A410-B25995165A81}.Debug|Any CPU.Build.0 = Debug|Any CPU
		{D89F3AED-BEAC-4703-A410-B25995165A81}.Release|Any CPU.ActiveCfg = Release|Any CPU
		{D89F3AED-BEAC-4703-A410-B25995165A81}.Release|Any CPU.Build.0 = Release|Any CPU
		{93C56747-BDC8-4190-AE58-F39C5AA0BD4A}.Debug|Any CPU.ActiveCfg = Debug|Any CPU
		{93C56747-BDC8-4190-AE58-F39C5AA0BD4A}.Debug|Any CPU.Build.0 = Debug|Any CPU
		{93C56747-BDC8-4190-AE58-F39C5AA0BD4A}.Release|Any CPU.ActiveCfg = Release|Any CPU
		{93C56747-BDC8-4190-AE58-F39C5AA0BD4A}.Release|Any CPU.Build.0 = Release|Any CPU
		{06A01B85-CD87-4A64-9447-1844F67BE593}.Debug|Any CPU.ActiveCfg = Debug|Any CPU
		{06A01B85-CD87-4A64-9447-1844F67BE593}.Debug|Any CPU.Build.0 = Debug|Any CPU
		{06A01B85-CD87-4A64-9447-1844F67BE593}.Release|Any CPU.ActiveCfg = Release|Any CPU
		{06A01B85-CD87-4A64-9447-1844F67BE593}.Release|Any CPU.Build.0 = Release|Any CPU
		{492DF960-C186-4542-8882-725373ABB3C1}.Debug|Any CPU.ActiveCfg = Debug|Any CPU
		{492DF960-C186-4542-8882-725373ABB3C1}.Debug|Any CPU.Build.0 = Debug|Any CPU
		{492DF960-C186-4542-8882-725373ABB3C1}.Release|Any CPU.ActiveCfg = Release|Any CPU
		{492DF960-C186-4542-8882-725373ABB3C1}.Release|Any CPU.Build.0 = Release|Any CPU
		{B6E005A0-A800-4303-B6B1-E7AEE0E3B969}.Debug|Any CPU.ActiveCfg = Debug|Any CPU
		{B6E005A0-A800-4303-B6B1-E7AEE0E3B969}.Debug|Any CPU.Build.0 = Debug|Any CPU
		{B6E005A0-A800-4303-B6B1-E7AEE0E3B969}.Release|Any CPU.ActiveCfg = Release|Any CPU
		{B6E005A0-A800-4303-B6B1-E7AEE0E3B969}.Release|Any CPU.Build.0 = Release|Any CPU
		{07928FFC-73FA-4887-B3F5-47AE5EF5A457}.Debug|Any CPU.ActiveCfg = Debug|Any CPU
		{07928FFC-73FA-4887-B3F5-47AE5EF5A457}.Debug|Any CPU.Build.0 = Debug|Any CPU
		{07928FFC-73FA-4887-B3F5-47AE5EF5A457}.Release|Any CPU.ActiveCfg = Release|Any CPU
		{07928FFC-73FA-4887-B3F5-47AE5EF5A457}.Release|Any CPU.Build.0 = Release|Any CPU
		{FAF3DA14-D613-443C-99DF-2364F4814923}.Debug|Any CPU.ActiveCfg = Debug|Any CPU
		{FAF3DA14-D613-443C-99DF-2364F4814923}.Debug|Any CPU.Build.0 = Debug|Any CPU
		{FAF3DA14-D613-443C-99DF-2364F4814923}.Release|Any CPU.ActiveCfg = Release|Any CPU
		{FAF3DA14-D613-443C-99DF-2364F4814923}.Release|Any CPU.Build.0 = Release|Any CPU
		{D45D515E-8255-47C0-B643-ABE5F68D070A}.Debug|Any CPU.ActiveCfg = Debug|Any CPU
		{D45D515E-8255-47C0-B643-ABE5F68D070A}.Debug|Any CPU.Build.0 = Debug|Any CPU
		{D45D515E-8255-47C0-B643-ABE5F68D070A}.Release|Any CPU.ActiveCfg = Release|Any CPU
		{D45D515E-8255-47C0-B643-ABE5F68D070A}.Release|Any CPU.Build.0 = Release|Any CPU
	EndGlobalSection
	GlobalSection(SolutionProperties) = preSolution
		HideSolutionNode = FALSE
	EndGlobalSection
	GlobalSection(NestedProjects) = preSolution
		{1978351C-5F8D-4D23-921A-3BA437BD6B15} = {0C688551-49F5-4AB9-8686-A8F3AAF1AD6C}
		{3BD49404-F1AA-4458-B88A-608F6662E288} = {0C688551-49F5-4AB9-8686-A8F3AAF1AD6C}
		{77145513-F7F2-471B-9412-3ADF1FCA773A} = {10688E99-C685-438F-B34E-B2DB7B4C1B9C}
		{578D4D5A-2B60-4C50-84AA-D1507FB99C98} = {10688E99-C685-438F-B34E-B2DB7B4C1B9C}
		{6DC2B689-9090-4CEA-ADB3-A76E4EF2A80C} = {10688E99-C685-438F-B34E-B2DB7B4C1B9C}
		{5ACFAC5E-F0D0-48EB-8E08-23C7B578422B} = {10688E99-C685-438F-B34E-B2DB7B4C1B9C}
		{C2DA7AD8-56F2-483E-981E-6DECCBA1FE5A} = {10688E99-C685-438F-B34E-B2DB7B4C1B9C}
		{2DA9D86B-103A-44C1-A105-2D80AC71C97D} = {10688E99-C685-438F-B34E-B2DB7B4C1B9C}
		{E40E6782-9F68-4225-A5E0-575FB7B3DCDB} = {39D94049-67BC-416C-A824-491F7CE3D1AC}
		{D89F3AED-BEAC-4703-A410-B25995165A81} = {39D94049-67BC-416C-A824-491F7CE3D1AC}
		{93C56747-BDC8-4190-AE58-F39C5AA0BD4A} = {39D94049-67BC-416C-A824-491F7CE3D1AC}
		{06A01B85-CD87-4A64-9447-1844F67BE593} = {D9BF85AD-3206-4DA5-AC31-9D5A5E246982}
		{492DF960-C186-4542-8882-725373ABB3C1} = {D9BF85AD-3206-4DA5-AC31-9D5A5E246982}
		{B6E005A0-A800-4303-B6B1-E7AEE0E3B969} = {39D94049-67BC-416C-A824-491F7CE3D1AC}
		{07928FFC-73FA-4887-B3F5-47AE5EF5A457} = {D9BF85AD-3206-4DA5-AC31-9D5A5E246982}
		{FAF3DA14-D613-443C-99DF-2364F4814923} = {D9BF85AD-3206-4DA5-AC31-9D5A5E246982}
	EndGlobalSection
EndGlobal
