Microsoft Visual Studio Solution File, Format Version 12.00
# Visual Studio Version 17
VisualStudioVersion = 17.12.35521.163
MinimumVisualStudioVersion = 10.0.40219.1
Project("{FAE04EC0-301F-11D3-BF4B-00C04F79EFBC}") = "MyTicketMaster.AppHost", "MyTicketMaster.AppHost\MyTicketMaster.AppHost.csproj", "{1978351C-5F8D-4D23-921A-3BA437BD6B15}"
EndProject
Project("{FAE04EC0-301F-11D3-BF4B-00C04F79EFBC}") = "MyTicketMaster.ServiceDefaults", "MyTicketMaster.ServiceDefaults\MyTicketMaster.ServiceDefaults.csproj", "{3BD49404-F1AA-4458-B88A-608F6662E288}"
EndProject
Project("{FAE04EC0-301F-11D3-BF4B-00C04F79EFBC}") = "MyTicketMaster.Api", "MyTicketMaster.Api\MyTicketMaster.Api.csproj", "{77145513-F7F2-471B-9412-3ADF1FCA773A}"
EndProject
Project("{FAE04EC0-301F-11D3-BF4B-00C04F79EFBC}") = "MyTicketMaster.Application", "MyTicketMaster.Application\MyTicketMaster.Application.csproj", "{578D4D5A-2B60-4C50-84AA-D1507FB99C98}"
EndProject
Project("{FAE04EC0-301F-11D3-BF4B-00C04F79EFBC}") = "MyTicketMaster.Domain", "MyTicketMaster.Domain\MyTicketMaster.Domain.csproj", "{6DC2B689-9090-4CEA-ADB3-A76E4EF2A80C}"
EndProject
Project("{FAE04EC0-301F-11D3-BF4B-00C04F79EFBC}") = "MyTicketMaster.Infrastructure", "MyTicketMaster.Infrastructure\MyTicketMaster.Infrastructure.csproj", "{5ACFAC5E-F0D0-48EB-8E08-23C7B578422B}"
EndProject
Project("{FAE04EC0-301F-11D3-BF4B-00C04F79EFBC}") = "MyTicketMaster.Persistence", "MyTicketMaster.Persistence\MyTicketMaster.Persistence.csproj", "{C2DA7AD8-56F2-483E-981E-6DECCBA1FE5A}"
EndProject
Project("{FAE04EC0-301F-11D3-BF4B-00C04F79EFBC}") = "MyTicketMaster.Contracts", "MyTicketMaster.Contracts\MyTicketMaster.Contracts.csproj", "{2DA9D86B-103A-44C1-A105-2D80AC71C97D}"
EndProject
Global
	GlobalSection(SolutionConfigurationPlatforms) = preSolution
		Debug|Any CPU = Debug|Any CPU
		Release|Any CPU = Release|Any CPU
	EndGlobalSection
	GlobalSection(ProjectConfigurationPlatforms) = postSolution
		{1978351C-5F8D-4D23-921A-3BA437BD6B15}.Debug|Any CPU.ActiveCfg = Debug|Any CPU
		{1978351C-5F8D-4D23-921A-3BA437BD6B15}.Debug|Any CPU.Build.0 = Debug|Any CPU
		{1978351C-5F8D-4D23-921A-3BA437BD6B15}.Release|Any CPU.ActiveCfg = Release|Any CPU
		{1978351C-5F8D-4D23-921A-3BA437BD6B15}.Release|Any CPU.Build.0 = Release|Any CPU
		{3BD49404-F1AA-4458-B88A-608F6662E288}.Debug|Any CPU.ActiveCfg = Debug|Any CPU
		{3BD49404-F1AA-4458-B88A-608F6662E288}.Debug|Any CPU.Build.0 = Debug|Any CPU
		{3BD49404-F1AA-4458-B88A-608F6662E288}.Release|Any CPU.ActiveCfg = Release|Any CPU
		{3BD49404-F1AA-4458-B88A-608F6662E288}.Release|Any CPU.Build.0 = Release|Any CPU
		{77145513-F7F2-471B-9412-3ADF1FCA773A}.Debug|Any CPU.ActiveCfg = Debug|Any CPU
		{77145513-F7F2-471B-9412-3ADF1FCA773A}.Debug|Any CPU.Build.0 = Debug|Any CPU
		{77145513-F7F2-471B-9412-3ADF1FCA773A}.Release|Any CPU.ActiveCfg = Release|Any CPU
		{77145513-F7F2-471B-9412-3ADF1FCA773A}.Release|Any CPU.Build.0 = Release|Any CPU
		{578D4D5A-2B60-4C50-84AA-D1507FB99C98}.Debug|Any CPU.ActiveCfg = Debug|Any CPU
		{578D4D5A-2B60-4C50-84AA-D1507FB99C98}.Debug|Any CPU.Build.0 = Debug|Any CPU
		{578D4D5A-2B60-4C50-84AA-D1507FB99C98}.Release|Any CPU.ActiveCfg = Release|Any CPU
		{578D4D5A-2B60-4C50-84AA-D1507FB99C98}.Release|Any CPU.Build.0 = Release|Any CPU
		{6DC2B689-9090-4CEA-ADB3-A76E4EF2A80C}.Debug|Any CPU.ActiveCfg = Debug|Any CPU
		{6DC2B689-9090-4CEA-ADB3-A76E4EF2A80C}.Debug|Any CPU.Build.0 = Debug|Any CPU
		{6DC2B689-9090-4CEA-ADB3-A76E4EF2A80C}.Release|Any CPU.ActiveCfg = Release|Any CPU
		{6DC2B689-9090-4CEA-ADB3-A76E4EF2A80C}.Release|Any CPU.Build.0 = Release|Any CPU
		{5ACFAC5E-F0D0-48EB-8E08-23C7B578422B}.Debug|Any CPU.ActiveCfg = Debug|Any CPU
		{5ACFAC5E-F0D0-48EB-8E08-23C7B578422B}.Debug|Any CPU.Build.0 = Debug|Any CPU
		{5ACFAC5E-F0D0-48EB-8E08-23C7B578422B}.Release|Any CPU.ActiveCfg = Release|Any CPU
		{5ACFAC5E-F0D0-48EB-8E08-23C7B578422B}.Release|Any CPU.Build.0 = Release|Any CPU
		{C2DA7AD8-56F2-483E-981E-6DECCBA1FE5A}.Debug|Any CPU.ActiveCfg = Debug|Any CPU
		{C2DA7AD8-56F2-483E-981E-6DECCBA1FE5A}.Debug|Any CPU.Build.0 = Debug|Any CPU
		{C2DA7AD8-56F2-483E-981E-6DECCBA1FE5A}.Release|Any CPU.ActiveCfg = Release|Any CPU
		{C2DA7AD8-56F2-483E-981E-6DECCBA1FE5A}.Release|Any CPU.Build.0 = Release|Any CPU
		{2DA9D86B-103A-44C1-A105-2D80AC71C97D}.Debug|Any CPU.ActiveCfg = Debug|Any CPU
		{2DA9D86B-103A-44C1-A105-2D80AC71C97D}.Debug|Any CPU.Build.0 = Debug|Any CPU
		{2DA9D86B-103A-44C1-A105-2D80AC71C97D}.Release|Any CPU.ActiveCfg = Release|Any CPU
		{2DA9D86B-103A-44C1-A105-2D80AC71C97D}.Release|Any CPU.Build.0 = Release|Any CPU
	EndGlobalSection
	GlobalSection(SolutionProperties) = preSolution
		HideSolutionNode = FALSE
	EndGlobalSection
EndGlobal
